
Microsoft Visual Studio Solution File, Format Version 12.00
# Visual Studio Version 16
VisualStudioVersion = 16.0.31702.278
MinimumVisualStudioVersion = 10.0.40219.1
Project("{888888A0-9F3D-457C-B088-3A5042F75D52}") = "Question3", "Question3\Question3.pyproj", "{EA996D1D-DA39-4D48-9B61-DAC1DD3343F6}"
EndProject
Global
	GlobalSection(SolutionConfigurationPlatforms) = preSolution
		Debug|Any CPU = Debug|Any CPU
		Release|Any CPU = Release|Any CPU
	EndGlobalSection
	GlobalSection(ProjectConfigurationPlatforms) = postSolution
		{EA996D1D-DA39-4D48-9B61-DAC1DD3343F6}.Debug|Any CPU.ActiveCfg = Debug|Any CPU
		{EA996D1D-DA39-4D48-9B61-DAC1DD3343F6}.Release|Any CPU.ActiveCfg = Release|Any CPU
	EndGlobalSection
	GlobalSection(SolutionProperties) = preSolution
		HideSolutionNode = FALSE
	EndGlobalSection
	GlobalSection(ExtensibilityGlobals) = postSolution
		SolutionGuid = {31BA3537-A1E8-4864-A85B-253E4E2AB84E}
	EndGlobalSection
EndGlobal
