
Microsoft Visual Studio Solution File, Format Version 12.00
# Visual Studio Version 16
VisualStudioVersion = 16.0.31702.278
MinimumVisualStudioVersion = 10.0.40219.1
Project("{888888A0-9F3D-457C-B088-3A5042F75D52}") = "Practice", "Practice\Practice.pyproj", "{1A3BB00A-9EF0-4282-8F2A-E0FDC30B47BA}"
EndProject
Global
	GlobalSection(SolutionConfigurationPlatforms) = preSolution
		Debug|Any CPU = Debug|Any CPU
		Release|Any CPU = Release|Any CPU
	EndGlobalSection
	GlobalSection(ProjectConfigurationPlatforms) = postSolution
		{1A3BB00A-9EF0-4282-8F2A-E0FDC30B47BA}.Debug|Any CPU.ActiveCfg = Debug|Any CPU
		{1A3BB00A-9EF0-4282-8F2A-E0FDC30B47BA}.Release|Any CPU.ActiveCfg = Release|Any CPU
	EndGlobalSection
	GlobalSection(SolutionProperties) = preSolution
		HideSolutionNode = FALSE
	EndGlobalSection
	GlobalSection(ExtensibilityGlobals) = postSolution
		SolutionGuid = {46DAB20E-2599-4F5D-9CE1-815E07F4F021}
	EndGlobalSection
EndGlobal
