
Microsoft Visual Studio Solution File, Format Version 12.00
# Visual Studio Version 16
VisualStudioVersion = 16.0.31702.278
MinimumVisualStudioVersion = 10.0.40219.1
Project("{888888A0-9F3D-457C-B088-3A5042F75D52}") = "Question1", "Question1\Question1.pyproj", "{5C597CC3-7142-453D-94A7-F488CDE3756C}"
EndProject
Global
	GlobalSection(SolutionConfigurationPlatforms) = preSolution
		Debug|Any CPU = Debug|Any CPU
		Release|Any CPU = Release|Any CPU
	EndGlobalSection
	GlobalSection(ProjectConfigurationPlatforms) = postSolution
		{5C597CC3-7142-453D-94A7-F488CDE3756C}.Debug|Any CPU.ActiveCfg = Debug|Any CPU
		{5C597CC3-7142-453D-94A7-F488CDE3756C}.Release|Any CPU.ActiveCfg = Release|Any CPU
	EndGlobalSection
	GlobalSection(SolutionProperties) = preSolution
		HideSolutionNode = FALSE
	EndGlobalSection
	GlobalSection(ExtensibilityGlobals) = postSolution
		SolutionGuid = {BE9120DC-3750-43BB-822D-ACE7776E4C3F}
	EndGlobalSection
EndGlobal
