
Microsoft Visual Studio Solution File, Format Version 12.00
# Visual Studio Version 16
VisualStudioVersion = 16.0.31702.278
MinimumVisualStudioVersion = 10.0.40219.1
Project("{FAE04EC0-301F-11D3-BF4B-00C04F79EFBC}") = "Tester", "Tester\Tester.csproj", "{93E0A2B6-FE3D-4428-9294-F176CC69BB28}"
EndProject
Global
	GlobalSection(SolutionConfigurationPlatforms) = preSolution
		Debug|Any CPU = Debug|Any CPU
		Release|Any CPU = Release|Any CPU
	EndGlobalSection
	GlobalSection(ProjectConfigurationPlatforms) = postSolution
		{93E0A2B6-FE3D-4428-9294-F176CC69BB28}.Debug|Any CPU.ActiveCfg = Debug|Any CPU
		{93E0A2B6-FE3D-4428-9294-F176CC69BB28}.Debug|Any CPU.Build.0 = Debug|Any CPU
		{93E0A2B6-FE3D-4428-9294-F176CC69BB28}.Release|Any CPU.ActiveCfg = Release|Any CPU
		{93E0A2B6-FE3D-4428-9294-F176CC69BB28}.Release|Any CPU.Build.0 = Release|Any CPU
	EndGlobalSection
	GlobalSection(SolutionProperties) = preSolution
		HideSolutionNode = FALSE
	EndGlobalSection
	GlobalSection(ExtensibilityGlobals) = postSolution
		SolutionGuid = {34E2B1B7-B5C0-4CB3-8CB4-85CF5366EAE6}
	EndGlobalSection
EndGlobal
